<?xml version="1.0" encoding="utf-8"?>
<Project ToolsVersion="4.0" xmlns="http://schemas.microsoft.com/developer/msbuild/2003">
  <ItemGroup>
    <Filter Include="Source Files">
      <UniqueIdentifier>{4FC737F1-C7A5-4376-A066-2A32D752A2FF}</UniqueIdentifier>
      <Extensions>cpp;c;cc;cxx;c++;cppm;ixx;def;odl;idl;hpj;bat;asm;asmx</Extensions>
    </Filter>
    <Filter Include="Header Files">
      <UniqueIdentifier>{93995380-89BD-4b04-88EB-625FBE52EBFB}</UniqueIdentifier>
      <Extensions>h;hh;hpp;hxx;h++;hm;inl;inc;ipp;xsd</Extensions>
    </Filter>
    <Filter Include="Resource Files">
      <UniqueIdentifier>{67DA6AB6-F800-4c08-8B7A-83BB121AAD01}</UniqueIdentifier>
      <Extensions>rc;ico;cur;bmp;dlg;rc2;rct;bin;rgs;gif;jpg;jpeg;jpe;resx;tiff;tif;png;wav;mfcribbon-ms</Extensions>
    </Filter>
    <Filter Include="Source Files\entry">
      <UniqueIdentifier>{86b41408-828a-482c-88e2-b1cd8fffc9d6}</UniqueIdentifier>
    </Filter>
    <Filter Include="Source Files\cg">
      <UniqueIdentifier>{9c46e952-2870-44bd-b901-b7e36aded7d3}</UniqueIdentifier>
    </Filter>
    <Filter Include="Source Files\render">
      <UniqueIdentifier>{07615a50-ecb1-4259-b58f-0e39c9ac62db}</UniqueIdentifier>
    </Filter>
    <Filter Include="Source Files\engine">
      <UniqueIdentifier>{89357596-0aa3-4436-b786-75f8a2505e65}</UniqueIdentifier>
    </Filter>
    <Filter Include="Header Files\lib">
      <UniqueIdentifier>{4a6a6cd4-bcfd-4060-a600-80c50d22fedd}</UniqueIdentifier>
    </Filter>
    <Filter Include="Header Files\lib\mh">
      <UniqueIdentifier>{aca71bad-b858-4ee2-b8bb-280c054ec724}</UniqueIdentifier>
    </Filter>
    <Filter Include="Header Files\lib\ImGui">
      <UniqueIdentifier>{0b5d54d8-ea10-4401-8e8e-ab8ffa2a1b21}</UniqueIdentifier>
    </Filter>
    <Filter Include="Header Files\lib\mh\hde">
      <UniqueIdentifier>{3f8c19dc-218c-401d-a499-859bf5d71ad7}</UniqueIdentifier>
    </Filter>
    <Filter Include="Source Files\scr">
      <UniqueIdentifier>{f3262bf4-427f-4f8a-b958-40a95991f920}</UniqueIdentifier>
    </Filter>
    <Filter Include="Source Files\fs">
      <UniqueIdentifier>{fd100876-705b-4057-b634-af5014a0718c}</UniqueIdentifier>
    </Filter>
    <Filter Include="Source Files\resources">
      <UniqueIdentifier>{69eccb11-06be-42d3-9d49-4c230b2cf83e}</UniqueIdentifier>
    </Filter>
    <Filter Include="Source Files\sv">
      <UniqueIdentifier>{bf22f572-25ec-4f09-9683-2a7f3193ef7a}</UniqueIdentifier>
    </Filter>
    <Filter Include="Source Files\bg">
      <UniqueIdentifier>{314a06e6-7060-4013-b71e-b82693447c4b}</UniqueIdentifier>
    </Filter>
    <Filter Include="Source Files\tool">
      <UniqueIdentifier>{9cba9cd2-aa58-427e-a202-bad841705e74}</UniqueIdentifier>
    </Filter>
    <Filter Include="Source Files\geom">
      <UniqueIdentifier>{8713e0fc-8411-440f-9ae1-a572194e73a6}</UniqueIdentifier>
    </Filter>
    <Filter Include="Source Files\misc_tools">
      <UniqueIdentifier>{336bb657-f17f-481d-820a-b11e0671e551}</UniqueIdentifier>
    </Filter>
    <Filter Include="Source Files\render\gui">
      <UniqueIdentifier>{e2209027-d7b2-4c89-99f6-b884d3bb880a}</UniqueIdentifier>
    </Filter>
    <Filter Include="Source Files\evar">
      <UniqueIdentifier>{461626ee-758a-477a-8c23-7917665ef519}</UniqueIdentifier>
    </Filter>
  </ItemGroup>
  <ItemGroup>
    <ClInclude Include="pch.hpp">
      <Filter>Header Files</Filter>
    </ClInclude>
    <ClInclude Include="entrypoint.hpp">
      <Filter>Source Files\entry</Filter>
    </ClInclude>
    <ClInclude Include="cg_init.hpp">
      <Filter>Source Files\cg</Filter>
    </ClInclude>
    <ClInclude Include="cg_hooks.hpp">
      <Filter>Source Files\cg</Filter>
    </ClInclude>
    <ClInclude Include="com_channel.hpp">
      <Filter>Source Files\cg</Filter>
    </ClInclude>
    <ClInclude Include="r_renderer.hpp">
      <Filter>Source Files\render</Filter>
    </ClInclude>
    <ClInclude Include="r_drawtools.hpp">
      <Filter>Source Files\render</Filter>
    </ClInclude>
    <ClInclude Include="sys_tools.hpp">
      <Filter>Source Files\engine</Filter>
    </ClInclude>
    <ClInclude Include="e_utilities.hpp">
      <Filter>Source Files\engine</Filter>
    </ClInclude>
    <ClInclude Include="errors.hpp">
      <Filter>Source Files\engine</Filter>
    </ClInclude>
    <ClInclude Include="koukku.hpp">
      <Filter>Header Files\lib</Filter>
    </ClInclude>
    <ClInclude Include="typedefs.hpp">
      <Filter>Header Files\lib</Filter>
    </ClInclude>
    <ClInclude Include="mh\hde\hde64.h">
      <Filter>Header Files\lib\mh\hde</Filter>
    </ClInclude>
    <ClInclude Include="mh\hde\pstdint.h">
      <Filter>Header Files\lib\mh\hde</Filter>
    </ClInclude>
    <ClInclude Include="mh\hde\table32.h">
      <Filter>Header Files\lib\mh\hde</Filter>
    </ClInclude>
    <ClInclude Include="mh\hde\table64.h">
      <Filter>Header Files\lib\mh\hde</Filter>
    </ClInclude>
    <ClInclude Include="mh\hde\hde32.h">
      <Filter>Header Files\lib\mh\hde</Filter>
    </ClInclude>
    <ClInclude Include="mh\buffer.h">
      <Filter>Header Files\lib\mh</Filter>
    </ClInclude>
    <ClInclude Include="mh\MinHook.h">
      <Filter>Header Files\lib\mh</Filter>
    </ClInclude>
    <ClInclude Include="mh\trampoline.h">
      <Filter>Header Files\lib\mh</Filter>
    </ClInclude>
    <ClInclude Include="ImGui\imgui_internal.h">
      <Filter>Header Files\lib\ImGui</Filter>
    </ClInclude>
    <ClInclude Include="ImGui\imgui_stdlib.h">
      <Filter>Header Files\lib\ImGui</Filter>
    </ClInclude>
    <ClInclude Include="ImGui\imstb_rectpack.h">
      <Filter>Header Files\lib\ImGui</Filter>
    </ClInclude>
    <ClInclude Include="ImGui\imstb_textedit.h">
      <Filter>Header Files\lib\ImGui</Filter>
    </ClInclude>
    <ClInclude Include="ImGui\imstb_truetype.h">
      <Filter>Header Files\lib\ImGui</Filter>
    </ClInclude>
    <ClInclude Include="ImGui\imconfig.h">
      <Filter>Header Files\lib\ImGui</Filter>
    </ClInclude>
    <ClInclude Include="ImGui\imgui.h">
      <Filter>Header Files\lib\ImGui</Filter>
    </ClInclude>
    <ClInclude Include="ImGui\imgui_impl_dx9.h">
      <Filter>Header Files\lib\ImGui</Filter>
    </ClInclude>
    <ClInclude Include="ImGui\imgui_impl_win32.h">
      <Filter>Header Files\lib\ImGui</Filter>
    </ClInclude>
    <ClInclude Include="cg_local.hpp">
      <Filter>Source Files\cg</Filter>
    </ClInclude>
    <ClInclude Include="cg_offsets.hpp">
      <Filter>Source Files\cg</Filter>
    </ClInclude>
    <ClInclude Include="dvar.hpp">
      <Filter>Source Files\engine</Filter>
    </ClInclude>
    <ClInclude Include="scr_functions.hpp">
      <Filter>Source Files\scr</Filter>
    </ClInclude>
    <ClInclude Include="scr_utilities.hpp">
      <Filter>Source Files\scr</Filter>
    </ClInclude>
    <ClInclude Include="scr_main.hpp">
      <Filter>Source Files\scr</Filter>
    </ClInclude>
    <ClInclude Include="fs_utilities.hpp">
      <Filter>Source Files\fs</Filter>
    </ClInclude>
    <ClInclude Include="resources.hpp">
      <Filter>Source Files\resources</Filter>
    </ClInclude>
    <ClInclude Include="sv_ccmds.hpp">
      <Filter>Source Files\sv</Filter>
    </ClInclude>
    <ClInclude Include="commands.hpp">
      <Filter>Source Files\engine</Filter>
    </ClInclude>
    <ClInclude Include="cg_angles.hpp">
      <Filter>Source Files\cg</Filter>
    </ClInclude>
    <ClInclude Include="bg_pmove.hpp">
      <Filter>Source Files\bg</Filter>
    </ClInclude>
    <ClInclude Include="t_anglehelpers.hpp">
      <Filter>Source Files\tool</Filter>
    </ClInclude>
    <ClInclude Include="geom_shapes.hpp">
      <Filter>Source Files\geom</Filter>
    </ClInclude>
    <ClInclude Include="misc_tools.hpp">
      <Filter>Source Files\misc_tools</Filter>
    </ClInclude>
    <ClInclude Include="r_gui.hpp">
      <Filter>Source Files\render\gui</Filter>
    </ClInclude>
    <ClInclude Include="r_gui_main.hpp">
      <Filter>Source Files\render\gui</Filter>
    </ClInclude>
    <ClInclude Include="ImGui\imgui_color_gradient.hpp">
      <Filter>Header Files\lib\ImGui</Filter>
    </ClInclude>
    <ClInclude Include="r_gui_sub_c.hpp">
      <Filter>Source Files\render\gui</Filter>
    </ClInclude>
    <ClInclude Include="evar.hpp">
      <Filter>Source Files\evar</Filter>
    </ClInclude>
    <ClInclude Include="r_gui_c_items.hpp">
      <Filter>Source Files\render\gui</Filter>
    </ClInclude>
  </ItemGroup>
  <ItemGroup>
    <ClCompile Include="pch.cpp">
      <Filter>Source Files</Filter>
    </ClCompile>
    <ClCompile Include="entrypoint.cpp">
      <Filter>Source Files\entry</Filter>
    </ClCompile>
    <ClCompile Include="cg_init.cpp">
      <Filter>Source Files\cg</Filter>
    </ClCompile>
    <ClCompile Include="com_channel.cpp">
      <Filter>Source Files\cg</Filter>
    </ClCompile>
    <ClCompile Include="cg_hooks.cpp">
      <Filter>Source Files\cg</Filter>
    </ClCompile>
    <ClCompile Include="r_renderer.cpp">
      <Filter>Source Files\render</Filter>
    </ClCompile>
    <ClCompile Include="r_endscene.cpp">
      <Filter>Source Files\render</Filter>
    </ClCompile>
    <ClCompile Include="r_drawtools.cpp">
      <Filter>Source Files\render</Filter>
    </ClCompile>
    <ClCompile Include="sys_tools.cpp">
      <Filter>Source Files\engine</Filter>
    </ClCompile>
    <ClCompile Include="e_utilities.cpp">
      <Filter>Source Files\engine</Filter>
    </ClCompile>
    <ClCompile Include="errors.cpp">
      <Filter>Source Files\engine</Filter>
    </ClCompile>
    <ClCompile Include="koukku.cpp">
      <Filter>Header Files\lib</Filter>
    </ClCompile>
    <ClCompile Include="mh\hde\hde32.c">
      <Filter>Header Files\lib\mh\hde</Filter>
    </ClCompile>
    <ClCompile Include="mh\hde\hde64.c">
      <Filter>Header Files\lib\mh\hde</Filter>
    </ClCompile>
    <ClCompile Include="mh\buffer.c">
      <Filter>Header Files\lib\mh</Filter>
    </ClCompile>
    <ClCompile Include="mh\hook.c">
      <Filter>Header Files\lib\mh</Filter>
    </ClCompile>
    <ClCompile Include="mh\trampoline.c">
      <Filter>Header Files\lib\mh</Filter>
    </ClCompile>
    <ClCompile Include="ImGui\imgui_stdlib.cpp">
      <Filter>Header Files\lib\ImGui</Filter>
    </ClCompile>
    <ClCompile Include="ImGui\imgui_tables.cpp">
      <Filter>Header Files\lib\ImGui</Filter>
    </ClCompile>
    <ClCompile Include="ImGui\imgui_widgets.cpp">
      <Filter>Header Files\lib\ImGui</Filter>
    </ClCompile>
    <ClCompile Include="ImGui\imgui.cpp">
      <Filter>Header Files\lib\ImGui</Filter>
    </ClCompile>
    <ClCompile Include="ImGui\imgui_demo.cpp">
      <Filter>Header Files\lib\ImGui</Filter>
    </ClCompile>
    <ClCompile Include="ImGui\imgui_draw.cpp">
      <Filter>Header Files\lib\ImGui</Filter>
    </ClCompile>
    <ClCompile Include="ImGui\imgui_impl_dx9.cpp">
      <Filter>Header Files\lib\ImGui</Filter>
    </ClCompile>
    <ClCompile Include="ImGui\imgui_impl_win32.cpp">
      <Filter>Header Files\lib\ImGui</Filter>
    </ClCompile>
    <ClCompile Include="dvar.cpp">
      <Filter>Source Files\engine</Filter>
    </ClCompile>
    <ClCompile Include="scr_functions.cpp">
      <Filter>Source Files\scr</Filter>
    </ClCompile>
    <ClCompile Include="scr_utilities.cpp">
      <Filter>Source Files\scr</Filter>
    </ClCompile>
    <ClCompile Include="scr_main.cpp">
      <Filter>Source Files\scr</Filter>
    </ClCompile>
    <ClCompile Include="fs_utilities.cpp">
      <Filter>Source Files\fs</Filter>
    </ClCompile>
    <ClCompile Include="resources.cpp">
      <Filter>Source Files\resources</Filter>
    </ClCompile>
    <ClCompile Include="sv_ccmds.cpp">
      <Filter>Source Files\sv</Filter>
    </ClCompile>
    <ClCompile Include="commands.cpp">
      <Filter>Source Files\engine</Filter>
    </ClCompile>
    <ClCompile Include="cg_angles.cpp">
      <Filter>Source Files\cg</Filter>
    </ClCompile>
    <ClCompile Include="bg_pmove.cpp">
      <Filter>Source Files\bg</Filter>
    </ClCompile>
    <ClCompile Include="t_anglehelpers.cpp">
      <Filter>Source Files\tool</Filter>
    </ClCompile>
    <ClCompile Include="geom_shapes.cpp">
      <Filter>Source Files\geom</Filter>
    </ClCompile>
    <ClCompile Include="misc_tools.cpp">
      <Filter>Source Files\misc_tools</Filter>
    </ClCompile>
    <ClCompile Include="r_gui.cpp">
      <Filter>Source Files\render\gui</Filter>
    </ClCompile>
    <ClCompile Include="r_gui_main.cpp">
      <Filter>Source Files\render\gui</Filter>
    </ClCompile>
    <ClCompile Include="ImGui\imgui_color_gradient.cpp">
      <Filter>Header Files\lib\ImGui</Filter>
    </ClCompile>
    <ClCompile Include="r_gui_sub_c.cpp">
      <Filter>Source Files\render\gui</Filter>
    </ClCompile>
    <ClCompile Include="evar.cpp">
      <Filter>Source Files\evar</Filter>
    </ClCompile>
    <ClCompile Include="r_gui_c_items.cpp">
      <Filter>Source Files\render\gui</Filter>
    </ClCompile>
  </ItemGroup>
</Project>